// !$*UTF8*$!
{
	archiveVersion = 1;
	classes = {
	};
	objectVersion = 48;
	objects = {

/* Begin PBXBuildFile section */
		56FAFF4A1F39C8E800D05031 /* AppDelegate.swift in Sources */ = {isa = PBXBuildFile; fileRef = 56FAFF491F39C8E800D05031 /* AppDelegate.swift */; };
		56FAFF4C1F39C8E800D05031 /* ViewController.swift in Sources */ = {isa = PBXBuildFile; fileRef = 56FAFF4B1F39C8E800D05031 /* ViewController.swift */; };
		56FAFF4F1F39C8E800D05031 /* Main.storyboard in Resources */ = {isa = PBXBuildFile; fileRef = 56FAFF4D1F39C8E800D05031 /* Main.storyboard */; };
		56FAFF511F39C8E800D05031 /* Assets.xcassets in Resources */ = {isa = PBXBuildFile; fileRef = 56FAFF501F39C8E800D05031 /* Assets.xcassets */; };
		56FAFF541F39C8E800D05031 /* LaunchScreen.storyboard in Resources */ = {isa = PBXBuildFile; fileRef = 56FAFF521F39C8E800D05031 /* LaunchScreen.storyboard */; };
/* End PBXBuildFile section */

/* Begin PBXFileReference section */
		56FAFF461F39C8E800D05031 /* Sketch- AutoLayout Practice2.app */ = {isa = PBXFileReference; explicitFileType = wrapper.application; includeInIndex = 0; path = "Sketch- AutoLayout Practice2.app"; sourceTree = BUILT_PRODUCTS_DIR; };
		56FAFF491F39C8E800D05031 /* AppDelegate.swift */ = {isa = PBXFileReference; lastKnownFileType = sourcecode.swift; path = AppDelegate.swift; sourceTree = "<group>"; };
		56FAFF4B1F39C8E800D05031 /* ViewController.swift */ = {isa = PBXFileReference; lastKnownFileType = sourcecode.swift; path = ViewController.swift; sourceTree = "<group>"; };
		56FAFF4E1F39C8E800D05031 /* Base */ = {isa = PBXFileReference; lastKnownFileType = file.storyboard; name = Base; path = Base.lproj/Main.storyboard; sourceTree = "<group>"; };
		56FAFF501F39C8E800D05031 /* Assets.xcassets */ = {isa = PBXFileReference; lastKnownFileType = folder.assetcatalog; path = Assets.xcassets; sourceTree = "<group>"; };
		56FAFF531F39C8E800D05031 /* Base */ = {isa = PBXFileReference; lastKnownFileType = file.storyboard; name = Base; path = Base.lproj/LaunchScreen.storyboard; sourceTree = "<group>"; };
		56FAFF551F39C8E800D05031 /* Info.plist */ = {isa = PBXFileReference; lastKnownFileType = text.plist.xml; path = Info.plist; sourceTree = "<group>"; };
/* End PBXFileReference section */

/* Begin PBXFrameworksBuildPhase section */
		56FAFF431F39C8E800D05031 /* Frameworks */ = {
			isa = PBXFrameworksBuildPhase;
			buildActionMask = 2147483647;
			files = (
			);
			runOnlyForDeploymentPostprocessing = 0;
		};
/* End PBXFrameworksBuildPhase section */

/* Begin PBXGroup section */
		56FAFF3D1F39C8E800D05031 = {
			isa = PBXGroup;
			children = (
				56FAFF481F39C8E800D05031 /* Sketch- AutoLayout Practice2 */,
				56FAFF471F39C8E800D05031 /* Products */,
			);
			sourceTree = "<group>";
		};
		56FAFF471F39C8E800D05031 /* Products */ = {
			isa = PBXGroup;
			children = (
				56FAFF461F39C8E800D05031 /* Sketch- AutoLayout Practice2.app */,
			);
			name = Products;
			sourceTree = "<group>";
		};
		56FAFF481F39C8E800D05031 /* Sketch- AutoLayout Practice2 */ = {
			isa = PBXGroup;
			children = (
				56FAFF491F39C8E800D05031 /* AppDelegate.swift */,
				56FAFF4B1F39C8E800D05031 /* ViewController.swift */,
				56FAFF4D1F39C8E800D05031 /* Main.storyboard */,
				56FAFF501F39C8E800D05031 /* Assets.xcassets */,
				56FAFF521F39C8E800D05031 /* LaunchScreen.storyboard */,
				56FAFF551F39C8E800D05031 /* Info.plist */,
			);
			path = "Sketch- AutoLayout Practice2";
			sourceTree = "<group>";
		};
/* End PBXGroup section */

/* Begin PBXNativeTarget section */
		56FAFF451F39C8E800D05031 /* Sketch- AutoLayout Practice2 */ = {
			isa = PBXNativeTarget;
			buildConfigurationList = 56FAFF581F39C8E800D05031 /* Build configuration list for PBXNativeTarget "Sketch- AutoLayout Practice2" */;
			buildPhases = (
				56FAFF421F39C8E800D05031 /* Sources */,
				56FAFF431F39C8E800D05031 /* Frameworks */,
				56FAFF441F39C8E800D05031 /* Resources */,
			);
			buildRules = (
			);
			dependencies = (
			);
			name = "Sketch- AutoLayout Practice2";
			productName = "Sketch- AutoLayout Practice2";
			productReference = 56FAFF461F39C8E800D05031 /* Sketch- AutoLayout Practice2.app */;
			productType = "com.apple.product-type.application";
		};
/* End PBXNativeTarget section */

/* Begin PBXProject section */
		56FAFF3E1F39C8E800D05031 /* Project object */ = {
			isa = PBXProject;
			attributes = {
				LastSwiftUpdateCheck = 0900;
				LastUpgradeCheck = 0900;
				ORGANIZATIONNAME = "Vince Lee";
				TargetAttributes = {
					56FAFF451F39C8E800D05031 = {
						CreatedOnToolsVersion = 9.0;
					};
				};
			};
			buildConfigurationList = 56FAFF411F39C8E800D05031 /* Build configuration list for PBXProject "Sketch- AutoLayout Practice2" */;
			compatibilityVersion = "Xcode 8.0";
			developmentRegion = en;
			hasScannedForEncodings = 0;
			knownRegions = (
				en,
				Base,
			);
			mainGroup = 56FAFF3D1F39C8E800D05031;
			productRefGroup = 56FAFF471F39C8E800D05031 /* Products */;
			projectDirPath = "";
			projectRoot = "";
			targets = (
				56FAFF451F39C8E800D05031 /* Sketch- AutoLayout Practice2 */,
			);
		};
/* End PBXProject section */

/* Begin PBXResourcesBuildPhase section */
		56FAFF441F39C8E800D05031 /* Resources */ = {
			isa = PBXResourcesBuildPhase;
			buildActionMask = 2147483647;
			files = (
				56FAFF541F39C8E800D05031 /* LaunchScreen.storyboard in Resources */,
				56FAFF511F39C8E800D05031 /* Assets.xcassets in Resources */,
				56FAFF4F1F39C8E800D05031 /* Main.storyboard in Resources */,
			);
			runOnlyForDeploymentPostprocessing = 0;
		};
/* End PBXResourcesBuildPhase section */

/* Begin PBXSourcesBuildPhase section */
		56FAFF421F39C8E800D05031 /* Sources */ = {
			isa = PBXSourcesBuildPhase;
			buildActionMask = 2147483647;
			files = (
				56FAFF4C1F39C8E800D05031 /* ViewController.swift in Sources */,
				56FAFF4A1F39C8E800D05031 /* AppDelegate.swift in Sources */,
			);
			runOnlyForDeploymentPostprocessing = 0;
		};
/* End PBXSourcesBuildPhase section */

/* Begin PBXVariantGroup section */
		56FAFF4D1F39C8E800D05031 /* Main.storyboard */ = {
			isa = PBXVariantGroup;
			children = (
				56FAFF4E1F39C8E800D05031 /* Base */,
			);
			name = Main.storyboard;
			sourceTree = "<group>";
		};
		56FAFF521F39C8E800D05031 /* LaunchScreen.storyboard */ = {
			isa = PBXVariantGroup;
			children = (
				56FAFF531F39C8E800D05031 /* Base */,
			);
			name = LaunchScreen.storyboard;
			sourceTree = "<group>";
		};
/* End PBXVariantGroup section */

/* Begin XCBuildConfiguration section */
		56FAFF561F39C8E800D05031 /* Debug */ = {
			isa = XCBuildConfiguration;
			buildSettings = {
				ALWAYS_SEARCH_USER_PATHS = NO;
				CLANG_ANALYZER_NONNULL = YES;
				CLANG_ANALYZER_NUMBER_OBJECT_CONVERSION = YES_AGGRESSIVE;
				CLANG_CXX_LANGUAGE_STANDARD = "gnu++14";
				CLANG_CXX_LIBRARY = "libc++";
				CLANG_ENABLE_MODULES = YES;
				CLANG_ENABLE_OBJC_ARC = YES;
				CLANG_WARN_BLOCK_CAPTURE_AUTORELEASING = YES;
				CLANG_WARN_BOOL_CONVERSION = YES;
				CLANG_WARN_COMMA = YES;
				CLANG_WARN_CONSTANT_CONVERSION = YES;
				CLANG_WARN_DIRECT_OBJC_ISA_USAGE = YES_ERROR;
				CLANG_WARN_DOCUMENTATION_COMMENTS = YES;
				CLANG_WARN_EMPTY_BODY = YES;
				CLANG_WARN_ENUM_CONVERSION = YES;
				CLANG_WARN_INFINITE_RECURSION = YES;
				CLANG_WARN_INT_CONVERSION = YES;
				CLANG_WARN_NON_LITERAL_NULL_CONVERSION = YES;
				CLANG_WARN_OBJC_LITERAL_CONVERSION = YES;
				CLANG_WARN_OBJC_ROOT_CLASS = YES_ERROR;
				CLANG_WARN_RANGE_LOOP_ANALYSIS = YES;
				CLANG_WARN_STRICT_PROTOTYPES = YES;
				CLANG_WARN_SUSPICIOUS_MOVE = YES;
				CLANG_WARN_UNGUARDED_AVAILABILITY = YES_AGGRESSIVE;
				CLANG_WARN_UNREACHABLE_CODE = YES;
				CLANG_WARN__DUPLICATE_METHOD_MATCH = YES;
				CODE_SIGN_IDENTITY = "iPhone Developer";
				COPY_PHASE_STRIP = NO;
				DEBUG_INFORMATION_FORMAT = dwarf;
				ENABLE_STRICT_OBJC_MSGSEND = YES;
				ENABLE_TESTABILITY = YES;
				GCC_C_LANGUAGE_STANDARD = gnu11;
				GCC_DYNAMIC_NO_PIC = NO;
				GCC_NO_COMMON_BLOCKS = YES;
				GCC_OPTIMIZATION_LEVEL = 0;
				GCC_PREPROCESSOR_DEFINITIONS = (
					"DEBUG=1",
					"$(inherited)",
				);
				GCC_WARN_64_TO_32_BIT_CONVERSION = YES;
				GCC_WARN_ABOUT_RETURN_TYPE = YES_ERROR;
				GCC_WARN_UNDECLARED_SELECTOR = YES;
				GCC_WARN_UNINITIALIZED_AUTOS = YES_AGGRESSIVE;
				GCC_WARN_UNUSED_FUNCTION = YES;
				GCC_WARN_UNUSED_VARIABLE = YES;
				IPHONEOS_DEPLOYMENT_TARGET = 11.0;
				MTL_ENABLE_DEBUG_INFO = YES;
				ONLY_ACTIVE_ARCH = YES;
				SDKROOT = iphoneos;
				SWIFT_ACTIVE_COMPILATION_CONDITIONS = DEBUG;
				SWIFT_OPTIMIZATION_LEVEL = "-Onone";
			};
			name = Debug;
		};
		56FAFF571F39C8E800D05031 /* Release */ = {
			isa = XCBuildConfiguration;
			buildSettings = {
				ALWAYS_SEARCH_USER_PATHS = NO;
				CLANG_ANALYZER_NONNULL = YES;
				CLANG_ANALYZER_NUMBER_OBJECT_CONVERSION = YES_AGGRESSIVE;
				CLANG_CXX_LANGUAGE_STANDARD = "gnu++14";
				CLANG_CXX_LIBRARY = "libc++";
				CLANG_ENABLE_MODULES = YES;
				CLANG_ENABLE_OBJC_ARC = YES;
				CLANG_WARN_BLOCK_CAPTURE_AUTORELEASING = YES;
				CLANG_WARN_BOOL_CONVERSION = YES;
				CLANG_WARN_COMMA = YES;
				CLANG_WARN_CONSTANT_CONVERSION = YES;
				CLANG_WARN_DIRECT_OBJC_ISA_USAGE = YES_ERROR;
				CLANG_WARN_DOCUMENTATION_COMMENTS = YES;
				CLANG_WARN_EMPTY_BODY = YES;
				CLANG_WARN_ENUM_CONVERSION = YES;
				CLANG_WARN_INFINITE_RECURSION = YES;
				CLANG_WARN_INT_CONVERSION = YES;
				CLANG_WARN_NON_LITERAL_NULL_CONVERSION = YES;
				CLANG_WARN_OBJC_LITERAL_CONVERSION = YES;
				CLANG_WARN_OBJC_ROOT_CLASS = YES_ERROR;
				CLANG_WARN_RANGE_LOOP_ANALYSIS = YES;
				CLANG_WARN_STRICT_PROTOTYPES = YES;
				CLANG_WARN_SUSPICIOUS_MOVE = YES;
				CLANG_WARN_UNGUARDED_AVAILABILITY = YES_AGGRESSIVE;
				CLANG_WARN_UNREACHABLE_CODE = YES;
				CLANG_WARN__DUPLICATE_METHOD_MATCH = YES;
				CODE_SIGN_IDENTITY = "iPhone Developer";
				COPY_PHASE_STRIP = NO;
				DEBUG_INFORMATION_FORMAT = "dwarf-with-dsym";
				ENABLE_NS_ASSERTIONS = NO;
				ENABLE_STRICT_OBJC_MSGSEND = YES;
				GCC_C_LANGUAGE_STANDARD = gnu11;
				GCC_NO_COMMON_BLOCKS = YES;
				GCC_WARN_64_TO_32_BIT_CONVERSION = YES;
				GCC_WARN_ABOUT_RETURN_TYPE = YES_ERROR;
				GCC_WARN_UNDECLARED_SELECTOR = YES;
				GCC_WARN_UNINITIALIZED_AUTOS = YES_AGGRESSIVE;
				GCC_WARN_UNUSED_FUNCTION = YES;
				GCC_WARN_UNUSED_VARIABLE = YES;
				IPHONEOS_DEPLOYMENT_TARGET = 11.0;
				MTL_ENABLE_DEBUG_INFO = NO;
				SDKROOT = iphoneos;
				SWIFT_OPTIMIZATION_LEVEL = "-Owholemodule";
				VALIDATE_PRODUCT = YES;
			};
			name = Release;
		};
		56FAFF591F39C8E800D05031 /* Debug */ = {
			isa = XCBuildConfiguration;
			buildSettings = {
				ASSETCATALOG_COMPILER_APPICON_NAME = AppIcon;
				DEVELOPMENT_TEAM = G9JF9YBU33;
				INFOPLIST_FILE = "Sketch- AutoLayout Practice2/Info.plist";
				LD_RUNPATH_SEARCH_PATHS = "$(inherited) @executable_path/Frameworks";
				PRODUCT_BUNDLE_IDENTIFIER = "WILD.Sketch--AutoLayout-Practice2";
				PRODUCT_NAME = "$(TARGET_NAME)";
				SWIFT_VERSION = 4.0;
				TARGETED_DEVICE_FAMILY = "1,2";
			};
			name = Debug;
		};
		56FAFF5A1F39C8E800D05031 /* Release */ = {
			isa = XCBuildConfiguration;
			buildSettings = {
				ASSETCATALOG_COMPILER_APPICON_NAME = AppIcon;
				DEVELOPMENT_TEAM = G9JF9YBU33;
				INFOPLIST_FILE = "Sketch- AutoLayout Practice2/Info.plist";
				LD_RUNPATH_SEARCH_PATHS = "$(inherited) @executable_path/Frameworks";
				PRODUCT_BUNDLE_IDENTIFIER = "WILD.Sketch--AutoLayout-Practice2";
				PRODUCT_NAME = "$(TARGET_NAME)";
				SWIFT_VERSION = 4.0;
				TARGETED_DEVICE_FAMILY = "1,2";
			};
			name = Release;
		};
/* End XCBuildConfiguration section */

/* Begin XCConfigurationList section */
		56FAFF411F39C8E800D05031 /* Build configuration list for PBXProject "Sketch- AutoLayout Practice2" */ = {
			isa = XCConfigurationList;
			buildConfigurations = (
				56FAFF561F39C8E800D05031 /* Debug */,
				56FAFF571F39C8E800D05031 /* Release */,
			);
			defaultConfigurationIsVisible = 0;
			defaultConfigurationName = Release;
		};
		56FAFF581F39C8E800D05031 /* Build configuration list for PBXNativeTarget "Sketch- AutoLayout Practice2" */ = {
			isa = XCConfigurationList;
			buildConfigurations = (
				56FAFF591F39C8E800D05031 /* Debug */,
				56FAFF5A1F39C8E800D05031 /* Release */,
			);
			defaultConfigurationIsVisible = 0;
		};
/* End XCConfigurationList section */
	};
	rootObject = 56FAFF3E1F39C8E800D05031 /* Project object */;
}
